
Microsoft Visual Studio Solution File, Format Version 12.00
# Visual Studio Version 16
VisualStudioVersion = 16.0.29609.76
MinimumVisualStudioVersion = 10.0.40219.1
Project("{FAE04EC0-301F-11D3-BF4B-00C04F79EFBC}") = "SillyBeeAssistant", "SillyBeeAssistant.csproj", "{E96E6E1D-3A9F-4AB1-8902-6F577FAEB881}"
EndProject
Project("{FAE04EC0-301F-11D3-BF4B-00C04F79EFBC}") = "VirtualAssistant", "..\VirtualAssistant\VirtualAssistant.csproj", "{084BA60E-ED7B-4FC6-9EC5-50D0BFCBE9D5}"
EndProject
Global
	GlobalSection(SolutionConfigurationPlatforms) = preSolution
		Debug|Any CPU = Debug|Any CPU
		Release|Any CPU = Release|Any CPU
	EndGlobalSection
	GlobalSection(ProjectConfigurationPlatforms) = postSolution
		{E96E6E1D-3A9F-4AB1-8902-6F577FAEB881}.Debug|Any CPU.ActiveCfg = Debug|Any CPU
		{E96E6E1D-3A9F-4AB1-8902-6F577FAEB881}.Debug|Any CPU.Build.0 = Debug|Any CPU
		{E96E6E1D-3A9F-4AB1-8902-6F577FAEB881}.Release|Any CPU.ActiveCfg = Release|Any CPU
		{E96E6E1D-3A9F-4AB1-8902-6F577FAEB881}.Release|Any CPU.Build.0 = Release|Any CPU
		{084BA60E-ED7B-4FC6-9EC5-50D0BFCBE9D5}.Debug|Any CPU.ActiveCfg = Debug|Any CPU
		{084BA60E-ED7B-4FC6-9EC5-50D0BFCBE9D5}.Debug|Any CPU.Build.0 = Debug|Any CPU
		{084BA60E-ED7B-4FC6-9EC5-50D0BFCBE9D5}.Release|Any CPU.ActiveCfg = Release|Any CPU
		{084BA60E-ED7B-4FC6-9EC5-50D0BFCBE9D5}.Release|Any CPU.Build.0 = Release|Any CPU
	EndGlobalSection
	GlobalSection(SolutionProperties) = preSolution
		HideSolutionNode = FALSE
	EndGlobalSection
	GlobalSection(ExtensibilityGlobals) = postSolution
		SolutionGuid = {5EAA0081-72A5-411C-A8A1-60AFC2783AF1}
	EndGlobalSection
EndGlobal
